
Microsoft Visual Studio Solution File, Format Version 12.00
# Visual Studio Version 17
VisualStudioVersion = 17.10.35201.131
MinimumVisualStudioVersion = 10.0.40219.1
Project("{9A19103F-16F7-4668-BE54-9A1E7A4F7556}") = "GardeningApi", "GardeningApi\GardeningApi.csproj", "{5E94ABC9-C5C4-4FEA-AD79-291D5B77293F}"
EndProject
Project("{9A19103F-16F7-4668-BE54-9A1E7A4F7556}") = "Gardening.Services", "Gardening.Services\Gardening.Services.csproj", "{396751BA-EF6D-4E85-8E54-AF7F037CDEB7}"
EndProject
Project("{9A19103F-16F7-4668-BE54-9A1E7A4F7556}") = "Gardening.Infrastructure", "Gardening.Infrastructure\Gardening.Infrastructure.csproj", "{90029E58-6C1C-49F7-9FD4-2F5235BECEF5}"
EndProject
Project("{9A19103F-16F7-4668-BE54-9A1E7A4F7556}") = "Gardening.Core", "Gardening.Core\Gardening.Core.csproj", "{82A160AD-96D0-40CA-82A2-C6DE6CFE1C47}"
EndProject
Project("{2150E333-8FDC-42A3-9474-1A3956D46DE8}") = "Tests", "Tests", "{DD4498AA-D3E2-40D4-93C8-DE14025108D4}"
EndProject
Project("{9A19103F-16F7-4668-BE54-9A1E7A4F7556}") = "GardeningApi.Tests", "GardeningApi.Tests\GardeningApi.Tests.csproj", "{D37AD3D8-E87E-4209-ADE3-45A2C7F828A3}"
EndProject
Project("{9A19103F-16F7-4668-BE54-9A1E7A4F7556}") = "Gardening.Services.Tests", "Gardening.Services.Tests\Gardening.Services.Tests.csproj", "{FC5F7B38-0234-46CC-B8DC-796010E88598}"
EndProject
Project("{9A19103F-16F7-4668-BE54-9A1E7A4F7556}") = "Gardening.Infrastructure.Tests", "Gardening.Infrastructure.Tests\Gardening.Infrastructure.Tests.csproj", "{F70B3AAE-0EFF-4960-80C9-3B0E8E7224AA}"
EndProject
Project("{9A19103F-16F7-4668-BE54-9A1E7A4F7556}") = "Gardening.Core.Tests", "Gardening.Core.Tests\Gardening.Core.Tests.csproj", "{F0004DA4-D689-4908-8339-C3A8FAFDED18}"
EndProject
Global
	GlobalSection(SolutionConfigurationPlatforms) = preSolution
		Debug|Any CPU = Debug|Any CPU
		Release|Any CPU = Release|Any CPU
	EndGlobalSection
	GlobalSection(ProjectConfigurationPlatforms) = postSolution
		{5E94ABC9-C5C4-4FEA-AD79-291D5B77293F}.Debug|Any CPU.ActiveCfg = Debug|Any CPU
		{5E94ABC9-C5C4-4FEA-AD79-291D5B77293F}.Debug|Any CPU.Build.0 = Debug|Any CPU
		{5E94ABC9-C5C4-4FEA-AD79-291D5B77293F}.Release|Any CPU.ActiveCfg = Release|Any CPU
		{5E94ABC9-C5C4-4FEA-AD79-291D5B77293F}.Release|Any CPU.Build.0 = Release|Any CPU
		{396751BA-EF6D-4E85-8E54-AF7F037CDEB7}.Debug|Any CPU.ActiveCfg = Debug|Any CPU
		{396751BA-EF6D-4E85-8E54-AF7F037CDEB7}.Debug|Any CPU.Build.0 = Debug|Any CPU
		{396751BA-EF6D-4E85-8E54-AF7F037CDEB7}.Release|Any CPU.ActiveCfg = Release|Any CPU
		{396751BA-EF6D-4E85-8E54-AF7F037CDEB7}.Release|Any CPU.Build.0 = Release|Any CPU
		{90029E58-6C1C-49F7-9FD4-2F5235BECEF5}.Debug|Any CPU.ActiveCfg = Debug|Any CPU
		{90029E58-6C1C-49F7-9FD4-2F5235BECEF5}.Debug|Any CPU.Build.0 = Debug|Any CPU
		{90029E58-6C1C-49F7-9FD4-2F5235BECEF5}.Release|Any CPU.ActiveCfg = Release|Any CPU
		{90029E58-6C1C-49F7-9FD4-2F5235BECEF5}.Release|Any CPU.Build.0 = Release|Any CPU
		{82A160AD-96D0-40CA-82A2-C6DE6CFE1C47}.Debug|Any CPU.ActiveCfg = Debug|Any CPU
		{82A160AD-96D0-40CA-82A2-C6DE6CFE1C47}.Debug|Any CPU.Build.0 = Debug|Any CPU
		{82A160AD-96D0-40CA-82A2-C6DE6CFE1C47}.Release|Any CPU.ActiveCfg = Release|Any CPU
		{82A160AD-96D0-40CA-82A2-C6DE6CFE1C47}.Release|Any CPU.Build.0 = Release|Any CPU
		{D37AD3D8-E87E-4209-ADE3-45A2C7F828A3}.Debug|Any CPU.ActiveCfg = Debug|Any CPU
		{D37AD3D8-E87E-4209-ADE3-45A2C7F828A3}.Debug|Any CPU.Build.0 = Debug|Any CPU
		{D37AD3D8-E87E-4209-ADE3-45A2C7F828A3}.Release|Any CPU.ActiveCfg = Release|Any CPU
		{D37AD3D8-E87E-4209-ADE3-45A2C7F828A3}.Release|Any CPU.Build.0 = Release|Any CPU
		{FC5F7B38-0234-46CC-B8DC-796010E88598}.Debug|Any CPU.ActiveCfg = Debug|Any CPU
		{FC5F7B38-0234-46CC-B8DC-796010E88598}.Debug|Any CPU.Build.0 = Debug|Any CPU
		{FC5F7B38-0234-46CC-B8DC-796010E88598}.Release|Any CPU.ActiveCfg = Release|Any CPU
		{FC5F7B38-0234-46CC-B8DC-796010E88598}.Release|Any CPU.Build.0 = Release|Any CPU
		{F70B3AAE-0EFF-4960-80C9-3B0E8E7224AA}.Debug|Any CPU.ActiveCfg = Debug|Any CPU
		{F70B3AAE-0EFF-4960-80C9-3B0E8E7224AA}.Debug|Any CPU.Build.0 = Debug|Any CPU
		{F70B3AAE-0EFF-4960-80C9-3B0E8E7224AA}.Release|Any CPU.ActiveCfg = Release|Any CPU
		{F70B3AAE-0EFF-4960-80C9-3B0E8E7224AA}.Release|Any CPU.Build.0 = Release|Any CPU
		{F0004DA4-D689-4908-8339-C3A8FAFDED18}.Debug|Any CPU.ActiveCfg = Debug|Any CPU
		{F0004DA4-D689-4908-8339-C3A8FAFDED18}.Debug|Any CPU.Build.0 = Debug|Any CPU
		{F0004DA4-D689-4908-8339-C3A8FAFDED18}.Release|Any CPU.ActiveCfg = Release|Any CPU
		{F0004DA4-D689-4908-8339-C3A8FAFDED18}.Release|Any CPU.Build.0 = Release|Any CPU
	EndGlobalSection
	GlobalSection(SolutionProperties) = preSolution
		HideSolutionNode = FALSE
	EndGlobalSection
	GlobalSection(NestedProjects) = preSolution
		{D37AD3D8-E87E-4209-ADE3-45A2C7F828A3} = {DD4498AA-D3E2-40D4-93C8-DE14025108D4}
		{FC5F7B38-0234-46CC-B8DC-796010E88598} = {DD4498AA-D3E2-40D4-93C8-DE14025108D4}
		{F70B3AAE-0EFF-4960-80C9-3B0E8E7224AA} = {DD4498AA-D3E2-40D4-93C8-DE14025108D4}
		{F0004DA4-D689-4908-8339-C3A8FAFDED18} = {DD4498AA-D3E2-40D4-93C8-DE14025108D4}
	EndGlobalSection
	GlobalSection(ExtensibilityGlobals) = postSolution
		SolutionGuid = {65925B54-969C-40C6-85AA-415015C0DF77}
	EndGlobalSection
EndGlobal
